
Microsoft Visual Studio Solution File, Format Version 12.00
# Visual Studio 15
VisualStudioVersion = 15.0.28307.271
MinimumVisualStudioVersion = 10.0.40219.1
Project("{8BC9CEB8-8B4A-11D0-8D11-00A0C91BC942}") = "Ch 5", "Ch 5.vcxproj", "{98E10E69-E362-47C1-9DE6-8F562F89555A}"
EndProject
Project("{8BC9CEB8-8B4A-11D0-8D11-00A0C91BC942}") = "2", "2\2.vcxproj", "{86BCBD1C-E82F-4289-A3B7-961ABFB7DFE1}"
EndProject
Project("{8BC9CEB8-8B4A-11D0-8D11-00A0C91BC942}") = "3", "3\3.vcxproj", "{8CDACB36-6999-4432-A20A-CB5C4D79AE9C}"
EndProject
Project("{8BC9CEB8-8B4A-11D0-8D11-00A0C91BC942}") = "4", "4\4.vcxproj", "{AF722DA7-EE34-4E75-9E00-CE4202C1C887}"
EndProject
Project("{8BC9CEB8-8B4A-11D0-8D11-00A0C91BC942}") = "5", "5\5.vcxproj", "{9C424A37-0F19-4F3D-BF93-DC073D421154}"
EndProject
Project("{8BC9CEB8-8B4A-11D0-8D11-00A0C91BC942}") = "6", "6\6.vcxproj", "{D9C8BB57-AE95-4170-9D52-570C5702D641}"
EndProject
Project("{8BC9CEB8-8B4A-11D0-8D11-00A0C91BC942}") = "7", "7\7.vcxproj", "{7FD0C394-CD6D-4305-B314-F864D2AECE35}"
EndProject
Project("{8BC9CEB8-8B4A-11D0-8D11-00A0C91BC942}") = "8", "8\8.vcxproj", "{6FA87F6C-B6D0-4B37-AFB7-6768CF3C240E}"
EndProject
Project("{8BC9CEB8-8B4A-11D0-8D11-00A0C91BC942}") = "9", "9\9.vcxproj", "{C9EAD9C7-B205-4B2F-A3AE-4D9E33F2FEE8}"
EndProject
Project("{8BC9CEB8-8B4A-11D0-8D11-00A0C91BC942}") = "10", "10\10.vcxproj", "{F6A80754-50AC-4E38-8F19-F1BA653B0D53}"
EndProject
Project("{8BC9CEB8-8B4A-11D0-8D11-00A0C91BC942}") = "11", "11\11.vcxproj", "{4C312675-5EFA-4BF1-928B-5EB6BDFAAA98}"
EndProject
Project("{8BC9CEB8-8B4A-11D0-8D11-00A0C91BC942}") = "12", "12\12.vcxproj", "{1CC9FEE2-B440-499B-A2BA-6500A754074C}"
EndProject
Project("{8BC9CEB8-8B4A-11D0-8D11-00A0C91BC942}") = "13", "13\13.vcxproj", "{D113578C-A4D3-434A-B778-B0846BC91D87}"
EndProject
Project("{8BC9CEB8-8B4A-11D0-8D11-00A0C91BC942}") = "14", "14\14.vcxproj", "{7DECCE72-407B-494B-98E4-9DDBE38D9545}"
EndProject
Project("{8BC9CEB8-8B4A-11D0-8D11-00A0C91BC942}") = "15", "15\15.vcxproj", "{E09B9B84-FCF5-43B9-A3BB-458D70EAB395}"
EndProject
Project("{8BC9CEB8-8B4A-11D0-8D11-00A0C91BC942}") = "1", "..\1\1.vcxproj", "{95101154-9020-4EBD-9024-5831EB7F0A38}"
EndProject
Project("{8BC9CEB8-8B4A-11D0-8D11-00A0C91BC942}") = "16", "16\16.vcxproj", "{DE623A11-ECC8-45BF-9314-69E14A7DAEEB}"
EndProject
Project("{8BC9CEB8-8B4A-11D0-8D11-00A0C91BC942}") = "17", "17\17.vcxproj", "{B540AED6-72CD-434C-98A2-B89A1354EBA9}"
EndProject
Project("{8BC9CEB8-8B4A-11D0-8D11-00A0C91BC942}") = "18", "18\18.vcxproj", "{50EC58E8-7C3C-41F6-A12C-7E365B06042F}"
EndProject
Project("{8BC9CEB8-8B4A-11D0-8D11-00A0C91BC942}") = "19", "19\19.vcxproj", "{0667DB02-5F50-4CE5-995B-26517C7F7B97}"
EndProject
Project("{8BC9CEB8-8B4A-11D0-8D11-00A0C91BC942}") = "20", "20\20.vcxproj", "{0F41BE11-A6A7-40F7-AA95-EB62ECC299F9}"
EndProject
Project("{8BC9CEB8-8B4A-11D0-8D11-00A0C91BC942}") = "21", "21\21.vcxproj", "{E553DE48-C2D9-4361-B1B8-9841D16FC885}"
EndProject
Project("{8BC9CEB8-8B4A-11D0-8D11-00A0C91BC942}") = "22", "22\22.vcxproj", "{399B9A3C-5DEA-440A-A1D5-4D974FA0E72F}"
EndProject
Project("{8BC9CEB8-8B4A-11D0-8D11-00A0C91BC942}") = "23", "23\23.vcxproj", "{A6E4F494-F6AD-4656-8031-F6F41441C743}"
EndProject
Project("{8BC9CEB8-8B4A-11D0-8D11-00A0C91BC942}") = "24", "24\24.vcxproj", "{FA3962FF-5F2D-4DA9-B0B8-F70CFB90446C}"
EndProject
Project("{8BC9CEB8-8B4A-11D0-8D11-00A0C91BC942}") = "25", "25\25.vcxproj", "{9DCFC5DC-AC57-4178-89A4-EAF1A3762943}"
EndProject
Project("{8BC9CEB8-8B4A-11D0-8D11-00A0C91BC942}") = "26", "26\26.vcxproj", "{7B6C65CD-F50F-477D-8DA1-AC0E3377CF09}"
EndProject
Global
	GlobalSection(SolutionConfigurationPlatforms) = preSolution
		Debug|x64 = Debug|x64
		Debug|x86 = Debug|x86
		Release|x64 = Release|x64
		Release|x86 = Release|x86
	EndGlobalSection
	GlobalSection(ProjectConfigurationPlatforms) = postSolution
		{98E10E69-E362-47C1-9DE6-8F562F89555A}.Debug|x64.ActiveCfg = Debug|x64
		{98E10E69-E362-47C1-9DE6-8F562F89555A}.Debug|x64.Build.0 = Debug|x64
		{98E10E69-E362-47C1-9DE6-8F562F89555A}.Debug|x86.ActiveCfg = Debug|Win32
		{98E10E69-E362-47C1-9DE6-8F562F89555A}.Debug|x86.Build.0 = Debug|Win32
		{98E10E69-E362-47C1-9DE6-8F562F89555A}.Release|x64.ActiveCfg = Release|x64
		{98E10E69-E362-47C1-9DE6-8F562F89555A}.Release|x64.Build.0 = Release|x64
		{98E10E69-E362-47C1-9DE6-8F562F89555A}.Release|x86.ActiveCfg = Release|Win32
		{98E10E69-E362-47C1-9DE6-8F562F89555A}.Release|x86.Build.0 = Release|Win32
		{86BCBD1C-E82F-4289-A3B7-961ABFB7DFE1}.Debug|x64.ActiveCfg = Debug|x64
		{86BCBD1C-E82F-4289-A3B7-961ABFB7DFE1}.Debug|x64.Build.0 = Debug|x64
		{86BCBD1C-E82F-4289-A3B7-961ABFB7DFE1}.Debug|x86.ActiveCfg = Debug|Win32
		{86BCBD1C-E82F-4289-A3B7-961ABFB7DFE1}.Debug|x86.Build.0 = Debug|Win32
		{86BCBD1C-E82F-4289-A3B7-961ABFB7DFE1}.Release|x64.ActiveCfg = Release|x64
		{86BCBD1C-E82F-4289-A3B7-961ABFB7DFE1}.Release|x64.Build.0 = Release|x64
		{86BCBD1C-E82F-4289-A3B7-961ABFB7DFE1}.Release|x86.ActiveCfg = Release|Win32
		{86BCBD1C-E82F-4289-A3B7-961ABFB7DFE1}.Release|x86.Build.0 = Release|Win32
		{8CDACB36-6999-4432-A20A-CB5C4D79AE9C}.Debug|x64.ActiveCfg = Debug|x64
		{8CDACB36-6999-4432-A20A-CB5C4D79AE9C}.Debug|x64.Build.0 = Debug|x64
		{8CDACB36-6999-4432-A20A-CB5C4D79AE9C}.Debug|x86.ActiveCfg = Debug|Win32
		{8CDACB36-6999-4432-A20A-CB5C4D79AE9C}.Debug|x86.Build.0 = Debug|Win32
		{8CDACB36-6999-4432-A20A-CB5C4D79AE9C}.Release|x64.ActiveCfg = Release|x64
		{8CDACB36-6999-4432-A20A-CB5C4D79AE9C}.Release|x64.Build.0 = Release|x64
		{8CDACB36-6999-4432-A20A-CB5C4D79AE9C}.Release|x86.ActiveCfg = Release|Win32
		{8CDACB36-6999-4432-A20A-CB5C4D79AE9C}.Release|x86.Build.0 = Release|Win32
		{AF722DA7-EE34-4E75-9E00-CE4202C1C887}.Debug|x64.ActiveCfg = Debug|x64
		{AF722DA7-EE34-4E75-9E00-CE4202C1C887}.Debug|x64.Build.0 = Debug|x64
		{AF722DA7-EE34-4E75-9E00-CE4202C1C887}.Debug|x86.ActiveCfg = Debug|Win32
		{AF722DA7-EE34-4E75-9E00-CE4202C1C887}.Debug|x86.Build.0 = Debug|Win32
		{AF722DA7-EE34-4E75-9E00-CE4202C1C887}.Release|x64.ActiveCfg = Release|x64
		{AF722DA7-EE34-4E75-9E00-CE4202C1C887}.Release|x64.Build.0 = Release|x64
		{AF722DA7-EE34-4E75-9E00-CE4202C1C887}.Release|x86.ActiveCfg = Release|Win32
		{AF722DA7-EE34-4E75-9E00-CE4202C1C887}.Release|x86.Build.0 = Release|Win32
		{9C424A37-0F19-4F3D-BF93-DC073D421154}.Debug|x64.ActiveCfg = Debug|x64
		{9C424A37-0F19-4F3D-BF93-DC073D421154}.Debug|x64.Build.0 = Debug|x64
		{9C424A37-0F19-4F3D-BF93-DC073D421154}.Debug|x86.ActiveCfg = Debug|Win32
		{9C424A37-0F19-4F3D-BF93-DC073D421154}.Debug|x86.Build.0 = Debug|Win32
		{9C424A37-0F19-4F3D-BF93-DC073D421154}.Release|x64.ActiveCfg = Release|x64
		{9C424A37-0F19-4F3D-BF93-DC073D421154}.Release|x64.Build.0 = Release|x64
		{9C424A37-0F19-4F3D-BF93-DC073D421154}.Release|x86.ActiveCfg = Release|Win32
		{9C424A37-0F19-4F3D-BF93-DC073D421154}.Release|x86.Build.0 = Release|Win32
		{D9C8BB57-AE95-4170-9D52-570C5702D641}.Debug|x64.ActiveCfg = Debug|x64
		{D9C8BB57-AE95-4170-9D52-570C5702D641}.Debug|x64.Build.0 = Debug|x64
		{D9C8BB57-AE95-4170-9D52-570C5702D641}.Debug|x86.ActiveCfg = Debug|Win32
		{D9C8BB57-AE95-4170-9D52-570C5702D641}.Debug|x86.Build.0 = Debug|Win32
		{D9C8BB57-AE95-4170-9D52-570C5702D641}.Release|x64.ActiveCfg = Release|x64
		{D9C8BB57-AE95-4170-9D52-570C5702D641}.Release|x64.Build.0 = Release|x64
		{D9C8BB57-AE95-4170-9D52-570C5702D641}.Release|x86.ActiveCfg = Release|Win32
		{D9C8BB57-AE95-4170-9D52-570C5702D641}.Release|x86.Build.0 = Release|Win32
		{7FD0C394-CD6D-4305-B314-F864D2AECE35}.Debug|x64.ActiveCfg = Debug|x64
		{7FD0C394-CD6D-4305-B314-F864D2AECE35}.Debug|x64.Build.0 = Debug|x64
		{7FD0C394-CD6D-4305-B314-F864D2AECE35}.Debug|x86.ActiveCfg = Debug|Win32
		{7FD0C394-CD6D-4305-B314-F864D2AECE35}.Debug|x86.Build.0 = Debug|Win32
		{7FD0C394-CD6D-4305-B314-F864D2AECE35}.Release|x64.ActiveCfg = Release|x64
		{7FD0C394-CD6D-4305-B314-F864D2AECE35}.Release|x64.Build.0 = Release|x64
		{7FD0C394-CD6D-4305-B314-F864D2AECE35}.Release|x86.ActiveCfg = Release|Win32
		{7FD0C394-CD6D-4305-B314-F864D2AECE35}.Release|x86.Build.0 = Release|Win32
		{6FA87F6C-B6D0-4B37-AFB7-6768CF3C240E}.Debug|x64.ActiveCfg = Debug|x64
		{6FA87F6C-B6D0-4B37-AFB7-6768CF3C240E}.Debug|x64.Build.0 = Debug|x64
		{6FA87F6C-B6D0-4B37-AFB7-6768CF3C240E}.Debug|x86.ActiveCfg = Debug|Win32
		{6FA87F6C-B6D0-4B37-AFB7-6768CF3C240E}.Debug|x86.Build.0 = Debug|Win32
		{6FA87F6C-B6D0-4B37-AFB7-6768CF3C240E}.Release|x64.ActiveCfg = Release|x64
		{6FA87F6C-B6D0-4B37-AFB7-6768CF3C240E}.Release|x64.Build.0 = Release|x64
		{6FA87F6C-B6D0-4B37-AFB7-6768CF3C240E}.Release|x86.ActiveCfg = Release|Win32
		{6FA87F6C-B6D0-4B37-AFB7-6768CF3C240E}.Release|x86.Build.0 = Release|Win32
		{C9EAD9C7-B205-4B2F-A3AE-4D9E33F2FEE8}.Debug|x64.ActiveCfg = Debug|x64
		{C9EAD9C7-B205-4B2F-A3AE-4D9E33F2FEE8}.Debug|x64.Build.0 = Debug|x64
		{C9EAD9C7-B205-4B2F-A3AE-4D9E33F2FEE8}.Debug|x86.ActiveCfg = Debug|Win32
		{C9EAD9C7-B205-4B2F-A3AE-4D9E33F2FEE8}.Debug|x86.Build.0 = Debug|Win32
		{C9EAD9C7-B205-4B2F-A3AE-4D9E33F2FEE8}.Release|x64.ActiveCfg = Release|x64
		{C9EAD9C7-B205-4B2F-A3AE-4D9E33F2FEE8}.Release|x64.Build.0 = Release|x64
		{C9EAD9C7-B205-4B2F-A3AE-4D9E33F2FEE8}.Release|x86.ActiveCfg = Release|Win32
		{C9EAD9C7-B205-4B2F-A3AE-4D9E33F2FEE8}.Release|x86.Build.0 = Release|Win32
		{F6A80754-50AC-4E38-8F19-F1BA653B0D53}.Debug|x64.ActiveCfg = Debug|x64
		{F6A80754-50AC-4E38-8F19-F1BA653B0D53}.Debug|x64.Build.0 = Debug|x64
		{F6A80754-50AC-4E38-8F19-F1BA653B0D53}.Debug|x86.ActiveCfg = Debug|Win32
		{F6A80754-50AC-4E38-8F19-F1BA653B0D53}.Debug|x86.Build.0 = Debug|Win32
		{F6A80754-50AC-4E38-8F19-F1BA653B0D53}.Release|x64.ActiveCfg = Release|x64
		{F6A80754-50AC-4E38-8F19-F1BA653B0D53}.Release|x64.Build.0 = Release|x64
		{F6A80754-50AC-4E38-8F19-F1BA653B0D53}.Release|x86.ActiveCfg = Release|Win32
		{F6A80754-50AC-4E38-8F19-F1BA653B0D53}.Release|x86.Build.0 = Release|Win32
		{4C312675-5EFA-4BF1-928B-5EB6BDFAAA98}.Debug|x64.ActiveCfg = Debug|x64
		{4C312675-5EFA-4BF1-928B-5EB6BDFAAA98}.Debug|x64.Build.0 = Debug|x64
		{4C312675-5EFA-4BF1-928B-5EB6BDFAAA98}.Debug|x86.ActiveCfg = Debug|Win32
		{4C312675-5EFA-4BF1-928B-5EB6BDFAAA98}.Debug|x86.Build.0 = Debug|Win32
		{4C312675-5EFA-4BF1-928B-5EB6BDFAAA98}.Release|x64.ActiveCfg = Release|x64
		{4C312675-5EFA-4BF1-928B-5EB6BDFAAA98}.Release|x64.Build.0 = Release|x64
		{4C312675-5EFA-4BF1-928B-5EB6BDFAAA98}.Release|x86.ActiveCfg = Release|Win32
		{4C312675-5EFA-4BF1-928B-5EB6BDFAAA98}.Release|x86.Build.0 = Release|Win32
		{1CC9FEE2-B440-499B-A2BA-6500A754074C}.Debug|x64.ActiveCfg = Debug|x64
		{1CC9FEE2-B440-499B-A2BA-6500A754074C}.Debug|x64.Build.0 = Debug|x64
		{1CC9FEE2-B440-499B-A2BA-6500A754074C}.Debug|x86.ActiveCfg = Debug|Win32
		{1CC9FEE2-B440-499B-A2BA-6500A754074C}.Debug|x86.Build.0 = Debug|Win32
		{1CC9FEE2-B440-499B-A2BA-6500A754074C}.Release|x64.ActiveCfg = Release|x64
		{1CC9FEE2-B440-499B-A2BA-6500A754074C}.Release|x64.Build.0 = Release|x64
		{1CC9FEE2-B440-499B-A2BA-6500A754074C}.Release|x86.ActiveCfg = Release|Win32
		{1CC9FEE2-B440-499B-A2BA-6500A754074C}.Release|x86.Build.0 = Release|Win32
		{D113578C-A4D3-434A-B778-B0846BC91D87}.Debug|x64.ActiveCfg = Debug|x64
		{D113578C-A4D3-434A-B778-B0846BC91D87}.Debug|x64.Build.0 = Debug|x64
		{D113578C-A4D3-434A-B778-B0846BC91D87}.Debug|x86.ActiveCfg = Debug|Win32
		{D113578C-A4D3-434A-B778-B0846BC91D87}.Debug|x86.Build.0 = Debug|Win32
		{D113578C-A4D3-434A-B778-B0846BC91D87}.Release|x64.ActiveCfg = Release|x64
		{D113578C-A4D3-434A-B778-B0846BC91D87}.Release|x64.Build.0 = Release|x64
		{D113578C-A4D3-434A-B778-B0846BC91D87}.Release|x86.ActiveCfg = Release|Win32
		{D113578C-A4D3-434A-B778-B0846BC91D87}.Release|x86.Build.0 = Release|Win32
		{7DECCE72-407B-494B-98E4-9DDBE38D9545}.Debug|x64.ActiveCfg = Debug|x64
		{7DECCE72-407B-494B-98E4-9DDBE38D9545}.Debug|x64.Build.0 = Debug|x64
		{7DECCE72-407B-494B-98E4-9DDBE38D9545}.Debug|x86.ActiveCfg = Debug|Win32
		{7DECCE72-407B-494B-98E4-9DDBE38D9545}.Debug|x86.Build.0 = Debug|Win32
		{7DECCE72-407B-494B-98E4-9DDBE38D9545}.Release|x64.ActiveCfg = Release|x64
		{7DECCE72-407B-494B-98E4-9DDBE38D9545}.Release|x64.Build.0 = Release|x64
		{7DECCE72-407B-494B-98E4-9DDBE38D9545}.Release|x86.ActiveCfg = Release|Win32
		{7DECCE72-407B-494B-98E4-9DDBE38D9545}.Release|x86.Build.0 = Release|Win32
		{E09B9B84-FCF5-43B9-A3BB-458D70EAB395}.Debug|x64.ActiveCfg = Debug|x64
		{E09B9B84-FCF5-43B9-A3BB-458D70EAB395}.Debug|x64.Build.0 = Debug|x64
		{E09B9B84-FCF5-43B9-A3BB-458D70EAB395}.Debug|x86.ActiveCfg = Debug|Win32
		{E09B9B84-FCF5-43B9-A3BB-458D70EAB395}.Debug|x86.Build.0 = Debug|Win32
		{E09B9B84-FCF5-43B9-A3BB-458D70EAB395}.Release|x64.ActiveCfg = Release|x64
		{E09B9B84-FCF5-43B9-A3BB-458D70EAB395}.Release|x64.Build.0 = Release|x64
		{E09B9B84-FCF5-43B9-A3BB-458D70EAB395}.Release|x86.ActiveCfg = Release|Win32
		{E09B9B84-FCF5-43B9-A3BB-458D70EAB395}.Release|x86.Build.0 = Release|Win32
		{95101154-9020-4EBD-9024-5831EB7F0A38}.Debug|x64.ActiveCfg = Debug|x64
		{95101154-9020-4EBD-9024-5831EB7F0A38}.Debug|x64.Build.0 = Debug|x64
		{95101154-9020-4EBD-9024-5831EB7F0A38}.Debug|x86.ActiveCfg = Debug|Win32
		{95101154-9020-4EBD-9024-5831EB7F0A38}.Debug|x86.Build.0 = Debug|Win32
		{95101154-9020-4EBD-9024-5831EB7F0A38}.Release|x64.ActiveCfg = Release|x64
		{95101154-9020-4EBD-9024-5831EB7F0A38}.Release|x64.Build.0 = Release|x64
		{95101154-9020-4EBD-9024-5831EB7F0A38}.Release|x86.ActiveCfg = Release|Win32
		{95101154-9020-4EBD-9024-5831EB7F0A38}.Release|x86.Build.0 = Release|Win32
		{DE623A11-ECC8-45BF-9314-69E14A7DAEEB}.Debug|x64.ActiveCfg = Debug|x64
		{DE623A11-ECC8-45BF-9314-69E14A7DAEEB}.Debug|x64.Build.0 = Debug|x64
		{DE623A11-ECC8-45BF-9314-69E14A7DAEEB}.Debug|x86.ActiveCfg = Debug|Win32
		{DE623A11-ECC8-45BF-9314-69E14A7DAEEB}.Debug|x86.Build.0 = Debug|Win32
		{DE623A11-ECC8-45BF-9314-69E14A7DAEEB}.Release|x64.ActiveCfg = Release|x64
		{DE623A11-ECC8-45BF-9314-69E14A7DAEEB}.Release|x64.Build.0 = Release|x64
		{DE623A11-ECC8-45BF-9314-69E14A7DAEEB}.Release|x86.ActiveCfg = Release|Win32
		{DE623A11-ECC8-45BF-9314-69E14A7DAEEB}.Release|x86.Build.0 = Release|Win32
		{B540AED6-72CD-434C-98A2-B89A1354EBA9}.Debug|x64.ActiveCfg = Debug|x64
		{B540AED6-72CD-434C-98A2-B89A1354EBA9}.Debug|x64.Build.0 = Debug|x64
		{B540AED6-72CD-434C-98A2-B89A1354EBA9}.Debug|x86.ActiveCfg = Debug|Win32
		{B540AED6-72CD-434C-98A2-B89A1354EBA9}.Debug|x86.Build.0 = Debug|Win32
		{B540AED6-72CD-434C-98A2-B89A1354EBA9}.Release|x64.ActiveCfg = Release|x64
		{B540AED6-72CD-434C-98A2-B89A1354EBA9}.Release|x64.Build.0 = Release|x64
		{B540AED6-72CD-434C-98A2-B89A1354EBA9}.Release|x86.ActiveCfg = Release|Win32
		{B540AED6-72CD-434C-98A2-B89A1354EBA9}.Release|x86.Build.0 = Release|Win32
		{50EC58E8-7C3C-41F6-A12C-7E365B06042F}.Debug|x64.ActiveCfg = Debug|x64
		{50EC58E8-7C3C-41F6-A12C-7E365B06042F}.Debug|x64.Build.0 = Debug|x64
		{50EC58E8-7C3C-41F6-A12C-7E365B06042F}.Debug|x86.ActiveCfg = Debug|Win32
		{50EC58E8-7C3C-41F6-A12C-7E365B06042F}.Debug|x86.Build.0 = Debug|Win32
		{50EC58E8-7C3C-41F6-A12C-7E365B06042F}.Release|x64.ActiveCfg = Release|x64
		{50EC58E8-7C3C-41F6-A12C-7E365B06042F}.Release|x64.Build.0 = Release|x64
		{50EC58E8-7C3C-41F6-A12C-7E365B06042F}.Release|x86.ActiveCfg = Release|Win32
		{50EC58E8-7C3C-41F6-A12C-7E365B06042F}.Release|x86.Build.0 = Release|Win32
		{0667DB02-5F50-4CE5-995B-26517C7F7B97}.Debug|x64.ActiveCfg = Debug|x64
		{0667DB02-5F50-4CE5-995B-26517C7F7B97}.Debug|x64.Build.0 = Debug|x64
		{0667DB02-5F50-4CE5-995B-26517C7F7B97}.Debug|x86.ActiveCfg = Debug|Win32
		{0667DB02-5F50-4CE5-995B-26517C7F7B97}.Debug|x86.Build.0 = Debug|Win32
		{0667DB02-5F50-4CE5-995B-26517C7F7B97}.Release|x64.ActiveCfg = Release|x64
		{0667DB02-5F50-4CE5-995B-26517C7F7B97}.Release|x64.Build.0 = Release|x64
		{0667DB02-5F50-4CE5-995B-26517C7F7B97}.Release|x86.ActiveCfg = Release|Win32
		{0667DB02-5F50-4CE5-995B-26517C7F7B97}.Release|x86.Build.0 = Release|Win32
		{0F41BE11-A6A7-40F7-AA95-EB62ECC299F9}.Debug|x64.ActiveCfg = Debug|x64
		{0F41BE11-A6A7-40F7-AA95-EB62ECC299F9}.Debug|x64.Build.0 = Debug|x64
		{0F41BE11-A6A7-40F7-AA95-EB62ECC299F9}.Debug|x86.ActiveCfg = Debug|Win32
		{0F41BE11-A6A7-40F7-AA95-EB62ECC299F9}.Debug|x86.Build.0 = Debug|Win32
		{0F41BE11-A6A7-40F7-AA95-EB62ECC299F9}.Release|x64.ActiveCfg = Release|x64
		{0F41BE11-A6A7-40F7-AA95-EB62ECC299F9}.Release|x64.Build.0 = Release|x64
		{0F41BE11-A6A7-40F7-AA95-EB62ECC299F9}.Release|x86.ActiveCfg = Release|Win32
		{0F41BE11-A6A7-40F7-AA95-EB62ECC299F9}.Release|x86.Build.0 = Release|Win32
		{E553DE48-C2D9-4361-B1B8-9841D16FC885}.Debug|x64.ActiveCfg = Debug|x64
		{E553DE48-C2D9-4361-B1B8-9841D16FC885}.Debug|x64.Build.0 = Debug|x64
		{E553DE48-C2D9-4361-B1B8-9841D16FC885}.Debug|x86.ActiveCfg = Debug|Win32
		{E553DE48-C2D9-4361-B1B8-9841D16FC885}.Debug|x86.Build.0 = Debug|Win32
		{E553DE48-C2D9-4361-B1B8-9841D16FC885}.Release|x64.ActiveCfg = Release|x64
		{E553DE48-C2D9-4361-B1B8-9841D16FC885}.Release|x64.Build.0 = Release|x64
		{E553DE48-C2D9-4361-B1B8-9841D16FC885}.Release|x86.ActiveCfg = Release|Win32
		{E553DE48-C2D9-4361-B1B8-9841D16FC885}.Release|x86.Build.0 = Release|Win32
		{399B9A3C-5DEA-440A-A1D5-4D974FA0E72F}.Debug|x64.ActiveCfg = Debug|x64
		{399B9A3C-5DEA-440A-A1D5-4D974FA0E72F}.Debug|x64.Build.0 = Debug|x64
		{399B9A3C-5DEA-440A-A1D5-4D974FA0E72F}.Debug|x86.ActiveCfg = Debug|Win32
		{399B9A3C-5DEA-440A-A1D5-4D974FA0E72F}.Debug|x86.Build.0 = Debug|Win32
		{399B9A3C-5DEA-440A-A1D5-4D974FA0E72F}.Release|x64.ActiveCfg = Release|x64
		{399B9A3C-5DEA-440A-A1D5-4D974FA0E72F}.Release|x64.Build.0 = Release|x64
		{399B9A3C-5DEA-440A-A1D5-4D974FA0E72F}.Release|x86.ActiveCfg = Release|Win32
		{399B9A3C-5DEA-440A-A1D5-4D974FA0E72F}.Release|x86.Build.0 = Release|Win32
		{A6E4F494-F6AD-4656-8031-F6F41441C743}.Debug|x64.ActiveCfg = Debug|x64
		{A6E4F494-F6AD-4656-8031-F6F41441C743}.Debug|x64.Build.0 = Debug|x64
		{A6E4F494-F6AD-4656-8031-F6F41441C743}.Debug|x86.ActiveCfg = Debug|Win32
		{A6E4F494-F6AD-4656-8031-F6F41441C743}.Debug|x86.Build.0 = Debug|Win32
		{A6E4F494-F6AD-4656-8031-F6F41441C743}.Release|x64.ActiveCfg = Release|x64
		{A6E4F494-F6AD-4656-8031-F6F41441C743}.Release|x64.Build.0 = Release|x64
		{A6E4F494-F6AD-4656-8031-F6F41441C743}.Release|x86.ActiveCfg = Release|Win32
		{A6E4F494-F6AD-4656-8031-F6F41441C743}.Release|x86.Build.0 = Release|Win32
		{FA3962FF-5F2D-4DA9-B0B8-F70CFB90446C}.Debug|x64.ActiveCfg = Debug|x64
		{FA3962FF-5F2D-4DA9-B0B8-F70CFB90446C}.Debug|x64.Build.0 = Debug|x64
		{FA3962FF-5F2D-4DA9-B0B8-F70CFB90446C}.Debug|x86.ActiveCfg = Debug|Win32
		{FA3962FF-5F2D-4DA9-B0B8-F70CFB90446C}.Debug|x86.Build.0 = Debug|Win32
		{FA3962FF-5F2D-4DA9-B0B8-F70CFB90446C}.Release|x64.ActiveCfg = Release|x64
		{FA3962FF-5F2D-4DA9-B0B8-F70CFB90446C}.Release|x64.Build.0 = Release|x64
		{FA3962FF-5F2D-4DA9-B0B8-F70CFB90446C}.Release|x86.ActiveCfg = Release|Win32
		{FA3962FF-5F2D-4DA9-B0B8-F70CFB90446C}.Release|x86.Build.0 = Release|Win32
		{9DCFC5DC-AC57-4178-89A4-EAF1A3762943}.Debug|x64.ActiveCfg = Debug|x64
		{9DCFC5DC-AC57-4178-89A4-EAF1A3762943}.Debug|x64.Build.0 = Debug|x64
		{9DCFC5DC-AC57-4178-89A4-EAF1A3762943}.Debug|x86.ActiveCfg = Debug|Win32
		{9DCFC5DC-AC57-4178-89A4-EAF1A3762943}.Debug|x86.Build.0 = Debug|Win32
		{9DCFC5DC-AC57-4178-89A4-EAF1A3762943}.Release|x64.ActiveCfg = Release|x64
		{9DCFC5DC-AC57-4178-89A4-EAF1A3762943}.Release|x64.Build.0 = Release|x64
		{9DCFC5DC-AC57-4178-89A4-EAF1A3762943}.Release|x86.ActiveCfg = Release|Win32
		{9DCFC5DC-AC57-4178-89A4-EAF1A3762943}.Release|x86.Build.0 = Release|Win32
		{7B6C65CD-F50F-477D-8DA1-AC0E3377CF09}.Debug|x64.ActiveCfg = Debug|x64
		{7B6C65CD-F50F-477D-8DA1-AC0E3377CF09}.Debug|x64.Build.0 = Debug|x64
		{7B6C65CD-F50F-477D-8DA1-AC0E3377CF09}.Debug|x86.ActiveCfg = Debug|Win32
		{7B6C65CD-F50F-477D-8DA1-AC0E3377CF09}.Debug|x86.Build.0 = Debug|Win32
		{7B6C65CD-F50F-477D-8DA1-AC0E3377CF09}.Release|x64.ActiveCfg = Release|x64
		{7B6C65CD-F50F-477D-8DA1-AC0E3377CF09}.Release|x64.Build.0 = Release|x64
		{7B6C65CD-F50F-477D-8DA1-AC0E3377CF09}.Release|x86.ActiveCfg = Release|Win32
		{7B6C65CD-F50F-477D-8DA1-AC0E3377CF09}.Release|x86.Build.0 = Release|Win32
	EndGlobalSection
	GlobalSection(SolutionProperties) = preSolution
		HideSolutionNode = FALSE
	EndGlobalSection
	GlobalSection(ExtensibilityGlobals) = postSolution
		SolutionGuid = {271BF5BF-1BCC-4B96-B212-3B3532A313EF}
	EndGlobalSection
EndGlobal
