
Microsoft Visual Studio Solution File, Format Version 12.00
# Visual Studio 15
VisualStudioVersion = 15.0.28307.168
MinimumVisualStudioVersion = 10.0.40219.1
Project("{8BC9CEB8-8B4A-11D0-8D11-00A0C91BC942}") = "ChapterProjects", "ChapterProjects\ChapterProjects.vcxproj", "{534B2509-974C-4B65-96BA-D78FABA2DED7}"
EndProject
Project("{8BC9CEB8-8B4A-11D0-8D11-00A0C91BC942}") = "1", "1\1.vcxproj", "{31F49E1D-1A37-420C-AC75-9D5EF21F3372}"
EndProject
Project("{8BC9CEB8-8B4A-11D0-8D11-00A0C91BC942}") = "2", "2\2.vcxproj", "{F26DA8A9-3E92-4299-94FB-F74CB7C1B6CD}"
EndProject
Project("{8BC9CEB8-8B4A-11D0-8D11-00A0C91BC942}") = "3", "3\3.vcxproj", "{E6B670DE-9596-449A-A9ED-3E370CB098CE}"
EndProject
Project("{8BC9CEB8-8B4A-11D0-8D11-00A0C91BC942}") = "4", "4\4.vcxproj", "{A1817910-E4B5-4145-B56E-A2C715FE819D}"
EndProject
Project("{8BC9CEB8-8B4A-11D0-8D11-00A0C91BC942}") = "5", "5\5.vcxproj", "{9485FE90-45A8-4CB0-BE23-5CE2EC4F3035}"
EndProject
Project("{8BC9CEB8-8B4A-11D0-8D11-00A0C91BC942}") = "6", "6\6.vcxproj", "{047CECF2-8690-4944-AF92-5F821D38F5DA}"
EndProject
Project("{8BC9CEB8-8B4A-11D0-8D11-00A0C91BC942}") = "7", "7\7.vcxproj", "{AF0A3F17-96C6-42F6-BAA0-81D00390EABD}"
EndProject
Project("{8BC9CEB8-8B4A-11D0-8D11-00A0C91BC942}") = "8", "8\8.vcxproj", "{A60C45CC-7AA5-41E2-A0F5-A8B34894EF91}"
EndProject
Project("{8BC9CEB8-8B4A-11D0-8D11-00A0C91BC942}") = "9", "9\9.vcxproj", "{0D23ECC3-49A5-46B3-8D92-B9F1B0C8E812}"
EndProject
Project("{8BC9CEB8-8B4A-11D0-8D11-00A0C91BC942}") = "10", "10\10.vcxproj", "{76D32751-2776-46D3-A10E-FF3836A20B23}"
EndProject
Project("{8BC9CEB8-8B4A-11D0-8D11-00A0C91BC942}") = "11", "11\11.vcxproj", "{8FFF6B7C-69C9-4BCB-8CF5-AECD0DD96E58}"
EndProject
Project("{8BC9CEB8-8B4A-11D0-8D11-00A0C91BC942}") = "12", "12\12.vcxproj", "{2CDCCD79-7E21-4FDB-932C-041A1EAF58A1}"
EndProject
Project("{8BC9CEB8-8B4A-11D0-8D11-00A0C91BC942}") = "13", "13\13.vcxproj", "{036E6451-BA58-4762-994A-0DA45FFACDDE}"
EndProject
Project("{8BC9CEB8-8B4A-11D0-8D11-00A0C91BC942}") = "14", "14\14.vcxproj", "{1715D47D-E245-4207-9762-F3E46510726D}"
EndProject
Project("{8BC9CEB8-8B4A-11D0-8D11-00A0C91BC942}") = "15", "15\15.vcxproj", "{4C10F407-153F-4C70-821D-96FBF58E1B11}"
EndProject
Project("{8BC9CEB8-8B4A-11D0-8D11-00A0C91BC942}") = "16", "16\16.vcxproj", "{C6325ADF-2CBA-47FF-8FA0-9CBA5F8B1A33}"
EndProject
Project("{8BC9CEB8-8B4A-11D0-8D11-00A0C91BC942}") = "17", "17\17.vcxproj", "{F15F791A-6856-4195-8CBE-EBA85E621A60}"
EndProject
Project("{8BC9CEB8-8B4A-11D0-8D11-00A0C91BC942}") = "18", "18\18.vcxproj", "{F8E9A429-E319-4702-9FC4-ADF0D927AAB2}"
EndProject
Project("{8BC9CEB8-8B4A-11D0-8D11-00A0C91BC942}") = "19", "19\19.vcxproj", "{C214230D-F4C4-412B-AE1A-DA780DC20E72}"
EndProject
Project("{8BC9CEB8-8B4A-11D0-8D11-00A0C91BC942}") = "20", "20\20.vcxproj", "{7123EE13-EB61-4906-B553-4189B05E81DE}"
EndProject
Project("{8BC9CEB8-8B4A-11D0-8D11-00A0C91BC942}") = "21", "21\21.vcxproj", "{062BE567-A48D-4F52-9457-3102F471C3C2}"
EndProject
Project("{8BC9CEB8-8B4A-11D0-8D11-00A0C91BC942}") = "22", "22\22.vcxproj", "{F3DC2E76-D492-4171-BA9E-D756E74BFD64}"
EndProject
Project("{8BC9CEB8-8B4A-11D0-8D11-00A0C91BC942}") = "23", "23\23.vcxproj", "{CAC98B79-7CB8-430C-B17A-7562EF0EDF7C}"
EndProject
Project("{8BC9CEB8-8B4A-11D0-8D11-00A0C91BC942}") = "24", "24\24.vcxproj", "{6D0E29C1-2675-4237-95E9-22D1CA4BBE76}"
EndProject
Project("{8BC9CEB8-8B4A-11D0-8D11-00A0C91BC942}") = "25", "25\25.vcxproj", "{9BD16FAA-C1B9-4C0C-8D1F-DD3DF30008F2}"
EndProject
Project("{8BC9CEB8-8B4A-11D0-8D11-00A0C91BC942}") = "26", "26\26.vcxproj", "{D76379D1-4633-447C-BFFB-398377227F73}"
EndProject
Project("{8BC9CEB8-8B4A-11D0-8D11-00A0C91BC942}") = "27", "27\27.vcxproj", "{5F11487D-B675-442B-AAAD-E246F4444D6C}"
EndProject
Project("{8BC9CEB8-8B4A-11D0-8D11-00A0C91BC942}") = "28", "28\28.vcxproj", "{3E45057B-AB49-471E-BBAD-A6C31D82EC63}"
EndProject
Project("{8BC9CEB8-8B4A-11D0-8D11-00A0C91BC942}") = "29", "29\29.vcxproj", "{F8E9D134-7891-43CC-B2E8-EB8B955B2664}"
EndProject
Project("{8BC9CEB8-8B4A-11D0-8D11-00A0C91BC942}") = "30", "30\30.vcxproj", "{85004AED-28B7-463C-89FD-3F47B3E64C06}"
EndProject
Global
	GlobalSection(SolutionConfigurationPlatforms) = preSolution
		Debug|x64 = Debug|x64
		Debug|x86 = Debug|x86
		Release|x64 = Release|x64
		Release|x86 = Release|x86
	EndGlobalSection
	GlobalSection(ProjectConfigurationPlatforms) = postSolution
		{534B2509-974C-4B65-96BA-D78FABA2DED7}.Debug|x64.ActiveCfg = Debug|x64
		{534B2509-974C-4B65-96BA-D78FABA2DED7}.Debug|x64.Build.0 = Debug|x64
		{534B2509-974C-4B65-96BA-D78FABA2DED7}.Debug|x86.ActiveCfg = Debug|Win32
		{534B2509-974C-4B65-96BA-D78FABA2DED7}.Debug|x86.Build.0 = Debug|Win32
		{534B2509-974C-4B65-96BA-D78FABA2DED7}.Release|x64.ActiveCfg = Release|x64
		{534B2509-974C-4B65-96BA-D78FABA2DED7}.Release|x64.Build.0 = Release|x64
		{534B2509-974C-4B65-96BA-D78FABA2DED7}.Release|x86.ActiveCfg = Release|Win32
		{534B2509-974C-4B65-96BA-D78FABA2DED7}.Release|x86.Build.0 = Release|Win32
		{31F49E1D-1A37-420C-AC75-9D5EF21F3372}.Debug|x64.ActiveCfg = Debug|x64
		{31F49E1D-1A37-420C-AC75-9D5EF21F3372}.Debug|x64.Build.0 = Debug|x64
		{31F49E1D-1A37-420C-AC75-9D5EF21F3372}.Debug|x86.ActiveCfg = Debug|Win32
		{31F49E1D-1A37-420C-AC75-9D5EF21F3372}.Debug|x86.Build.0 = Debug|Win32
		{31F49E1D-1A37-420C-AC75-9D5EF21F3372}.Release|x64.ActiveCfg = Release|x64
		{31F49E1D-1A37-420C-AC75-9D5EF21F3372}.Release|x64.Build.0 = Release|x64
		{31F49E1D-1A37-420C-AC75-9D5EF21F3372}.Release|x86.ActiveCfg = Release|Win32
		{31F49E1D-1A37-420C-AC75-9D5EF21F3372}.Release|x86.Build.0 = Release|Win32
		{F26DA8A9-3E92-4299-94FB-F74CB7C1B6CD}.Debug|x64.ActiveCfg = Debug|x64
		{F26DA8A9-3E92-4299-94FB-F74CB7C1B6CD}.Debug|x64.Build.0 = Debug|x64
		{F26DA8A9-3E92-4299-94FB-F74CB7C1B6CD}.Debug|x86.ActiveCfg = Debug|Win32
		{F26DA8A9-3E92-4299-94FB-F74CB7C1B6CD}.Debug|x86.Build.0 = Debug|Win32
		{F26DA8A9-3E92-4299-94FB-F74CB7C1B6CD}.Release|x64.ActiveCfg = Release|x64
		{F26DA8A9-3E92-4299-94FB-F74CB7C1B6CD}.Release|x64.Build.0 = Release|x64
		{F26DA8A9-3E92-4299-94FB-F74CB7C1B6CD}.Release|x86.ActiveCfg = Release|Win32
		{F26DA8A9-3E92-4299-94FB-F74CB7C1B6CD}.Release|x86.Build.0 = Release|Win32
		{E6B670DE-9596-449A-A9ED-3E370CB098CE}.Debug|x64.ActiveCfg = Debug|x64
		{E6B670DE-9596-449A-A9ED-3E370CB098CE}.Debug|x64.Build.0 = Debug|x64
		{E6B670DE-9596-449A-A9ED-3E370CB098CE}.Debug|x86.ActiveCfg = Debug|Win32
		{E6B670DE-9596-449A-A9ED-3E370CB098CE}.Debug|x86.Build.0 = Debug|Win32
		{E6B670DE-9596-449A-A9ED-3E370CB098CE}.Release|x64.ActiveCfg = Release|x64
		{E6B670DE-9596-449A-A9ED-3E370CB098CE}.Release|x64.Build.0 = Release|x64
		{E6B670DE-9596-449A-A9ED-3E370CB098CE}.Release|x86.ActiveCfg = Release|Win32
		{E6B670DE-9596-449A-A9ED-3E370CB098CE}.Release|x86.Build.0 = Release|Win32
		{A1817910-E4B5-4145-B56E-A2C715FE819D}.Debug|x64.ActiveCfg = Debug|x64
		{A1817910-E4B5-4145-B56E-A2C715FE819D}.Debug|x64.Build.0 = Debug|x64
		{A1817910-E4B5-4145-B56E-A2C715FE819D}.Debug|x86.ActiveCfg = Debug|Win32
		{A1817910-E4B5-4145-B56E-A2C715FE819D}.Debug|x86.Build.0 = Debug|Win32
		{A1817910-E4B5-4145-B56E-A2C715FE819D}.Release|x64.ActiveCfg = Release|x64
		{A1817910-E4B5-4145-B56E-A2C715FE819D}.Release|x64.Build.0 = Release|x64
		{A1817910-E4B5-4145-B56E-A2C715FE819D}.Release|x86.ActiveCfg = Release|Win32
		{A1817910-E4B5-4145-B56E-A2C715FE819D}.Release|x86.Build.0 = Release|Win32
		{9485FE90-45A8-4CB0-BE23-5CE2EC4F3035}.Debug|x64.ActiveCfg = Debug|x64
		{9485FE90-45A8-4CB0-BE23-5CE2EC4F3035}.Debug|x64.Build.0 = Debug|x64
		{9485FE90-45A8-4CB0-BE23-5CE2EC4F3035}.Debug|x86.ActiveCfg = Debug|Win32
		{9485FE90-45A8-4CB0-BE23-5CE2EC4F3035}.Debug|x86.Build.0 = Debug|Win32
		{9485FE90-45A8-4CB0-BE23-5CE2EC4F3035}.Release|x64.ActiveCfg = Release|x64
		{9485FE90-45A8-4CB0-BE23-5CE2EC4F3035}.Release|x64.Build.0 = Release|x64
		{9485FE90-45A8-4CB0-BE23-5CE2EC4F3035}.Release|x86.ActiveCfg = Release|Win32
		{9485FE90-45A8-4CB0-BE23-5CE2EC4F3035}.Release|x86.Build.0 = Release|Win32
		{047CECF2-8690-4944-AF92-5F821D38F5DA}.Debug|x64.ActiveCfg = Debug|x64
		{047CECF2-8690-4944-AF92-5F821D38F5DA}.Debug|x64.Build.0 = Debug|x64
		{047CECF2-8690-4944-AF92-5F821D38F5DA}.Debug|x86.ActiveCfg = Debug|Win32
		{047CECF2-8690-4944-AF92-5F821D38F5DA}.Debug|x86.Build.0 = Debug|Win32
		{047CECF2-8690-4944-AF92-5F821D38F5DA}.Release|x64.ActiveCfg = Release|x64
		{047CECF2-8690-4944-AF92-5F821D38F5DA}.Release|x64.Build.0 = Release|x64
		{047CECF2-8690-4944-AF92-5F821D38F5DA}.Release|x86.ActiveCfg = Release|Win32
		{047CECF2-8690-4944-AF92-5F821D38F5DA}.Release|x86.Build.0 = Release|Win32
		{AF0A3F17-96C6-42F6-BAA0-81D00390EABD}.Debug|x64.ActiveCfg = Debug|x64
		{AF0A3F17-96C6-42F6-BAA0-81D00390EABD}.Debug|x64.Build.0 = Debug|x64
		{AF0A3F17-96C6-42F6-BAA0-81D00390EABD}.Debug|x86.ActiveCfg = Debug|Win32
		{AF0A3F17-96C6-42F6-BAA0-81D00390EABD}.Debug|x86.Build.0 = Debug|Win32
		{AF0A3F17-96C6-42F6-BAA0-81D00390EABD}.Release|x64.ActiveCfg = Release|x64
		{AF0A3F17-96C6-42F6-BAA0-81D00390EABD}.Release|x64.Build.0 = Release|x64
		{AF0A3F17-96C6-42F6-BAA0-81D00390EABD}.Release|x86.ActiveCfg = Release|Win32
		{AF0A3F17-96C6-42F6-BAA0-81D00390EABD}.Release|x86.Build.0 = Release|Win32
		{A60C45CC-7AA5-41E2-A0F5-A8B34894EF91}.Debug|x64.ActiveCfg = Debug|x64
		{A60C45CC-7AA5-41E2-A0F5-A8B34894EF91}.Debug|x64.Build.0 = Debug|x64
		{A60C45CC-7AA5-41E2-A0F5-A8B34894EF91}.Debug|x86.ActiveCfg = Debug|Win32
		{A60C45CC-7AA5-41E2-A0F5-A8B34894EF91}.Debug|x86.Build.0 = Debug|Win32
		{A60C45CC-7AA5-41E2-A0F5-A8B34894EF91}.Release|x64.ActiveCfg = Release|x64
		{A60C45CC-7AA5-41E2-A0F5-A8B34894EF91}.Release|x64.Build.0 = Release|x64
		{A60C45CC-7AA5-41E2-A0F5-A8B34894EF91}.Release|x86.ActiveCfg = Release|Win32
		{A60C45CC-7AA5-41E2-A0F5-A8B34894EF91}.Release|x86.Build.0 = Release|Win32
		{0D23ECC3-49A5-46B3-8D92-B9F1B0C8E812}.Debug|x64.ActiveCfg = Debug|x64
		{0D23ECC3-49A5-46B3-8D92-B9F1B0C8E812}.Debug|x64.Build.0 = Debug|x64
		{0D23ECC3-49A5-46B3-8D92-B9F1B0C8E812}.Debug|x86.ActiveCfg = Debug|Win32
		{0D23ECC3-49A5-46B3-8D92-B9F1B0C8E812}.Debug|x86.Build.0 = Debug|Win32
		{0D23ECC3-49A5-46B3-8D92-B9F1B0C8E812}.Release|x64.ActiveCfg = Release|x64
		{0D23ECC3-49A5-46B3-8D92-B9F1B0C8E812}.Release|x64.Build.0 = Release|x64
		{0D23ECC3-49A5-46B3-8D92-B9F1B0C8E812}.Release|x86.ActiveCfg = Release|Win32
		{0D23ECC3-49A5-46B3-8D92-B9F1B0C8E812}.Release|x86.Build.0 = Release|Win32
		{76D32751-2776-46D3-A10E-FF3836A20B23}.Debug|x64.ActiveCfg = Debug|x64
		{76D32751-2776-46D3-A10E-FF3836A20B23}.Debug|x64.Build.0 = Debug|x64
		{76D32751-2776-46D3-A10E-FF3836A20B23}.Debug|x86.ActiveCfg = Debug|Win32
		{76D32751-2776-46D3-A10E-FF3836A20B23}.Debug|x86.Build.0 = Debug|Win32
		{76D32751-2776-46D3-A10E-FF3836A20B23}.Release|x64.ActiveCfg = Release|x64
		{76D32751-2776-46D3-A10E-FF3836A20B23}.Release|x64.Build.0 = Release|x64
		{76D32751-2776-46D3-A10E-FF3836A20B23}.Release|x86.ActiveCfg = Release|Win32
		{76D32751-2776-46D3-A10E-FF3836A20B23}.Release|x86.Build.0 = Release|Win32
		{8FFF6B7C-69C9-4BCB-8CF5-AECD0DD96E58}.Debug|x64.ActiveCfg = Debug|x64
		{8FFF6B7C-69C9-4BCB-8CF5-AECD0DD96E58}.Debug|x64.Build.0 = Debug|x64
		{8FFF6B7C-69C9-4BCB-8CF5-AECD0DD96E58}.Debug|x86.ActiveCfg = Debug|Win32
		{8FFF6B7C-69C9-4BCB-8CF5-AECD0DD96E58}.Debug|x86.Build.0 = Debug|Win32
		{8FFF6B7C-69C9-4BCB-8CF5-AECD0DD96E58}.Release|x64.ActiveCfg = Release|x64
		{8FFF6B7C-69C9-4BCB-8CF5-AECD0DD96E58}.Release|x64.Build.0 = Release|x64
		{8FFF6B7C-69C9-4BCB-8CF5-AECD0DD96E58}.Release|x86.ActiveCfg = Release|Win32
		{8FFF6B7C-69C9-4BCB-8CF5-AECD0DD96E58}.Release|x86.Build.0 = Release|Win32
		{2CDCCD79-7E21-4FDB-932C-041A1EAF58A1}.Debug|x64.ActiveCfg = Debug|x64
		{2CDCCD79-7E21-4FDB-932C-041A1EAF58A1}.Debug|x64.Build.0 = Debug|x64
		{2CDCCD79-7E21-4FDB-932C-041A1EAF58A1}.Debug|x86.ActiveCfg = Debug|Win32
		{2CDCCD79-7E21-4FDB-932C-041A1EAF58A1}.Debug|x86.Build.0 = Debug|Win32
		{2CDCCD79-7E21-4FDB-932C-041A1EAF58A1}.Release|x64.ActiveCfg = Release|x64
		{2CDCCD79-7E21-4FDB-932C-041A1EAF58A1}.Release|x64.Build.0 = Release|x64
		{2CDCCD79-7E21-4FDB-932C-041A1EAF58A1}.Release|x86.ActiveCfg = Release|Win32
		{2CDCCD79-7E21-4FDB-932C-041A1EAF58A1}.Release|x86.Build.0 = Release|Win32
		{036E6451-BA58-4762-994A-0DA45FFACDDE}.Debug|x64.ActiveCfg = Debug|x64
		{036E6451-BA58-4762-994A-0DA45FFACDDE}.Debug|x64.Build.0 = Debug|x64
		{036E6451-BA58-4762-994A-0DA45FFACDDE}.Debug|x86.ActiveCfg = Debug|Win32
		{036E6451-BA58-4762-994A-0DA45FFACDDE}.Debug|x86.Build.0 = Debug|Win32
		{036E6451-BA58-4762-994A-0DA45FFACDDE}.Release|x64.ActiveCfg = Release|x64
		{036E6451-BA58-4762-994A-0DA45FFACDDE}.Release|x64.Build.0 = Release|x64
		{036E6451-BA58-4762-994A-0DA45FFACDDE}.Release|x86.ActiveCfg = Release|Win32
		{036E6451-BA58-4762-994A-0DA45FFACDDE}.Release|x86.Build.0 = Release|Win32
		{1715D47D-E245-4207-9762-F3E46510726D}.Debug|x64.ActiveCfg = Debug|x64
		{1715D47D-E245-4207-9762-F3E46510726D}.Debug|x64.Build.0 = Debug|x64
		{1715D47D-E245-4207-9762-F3E46510726D}.Debug|x86.ActiveCfg = Debug|Win32
		{1715D47D-E245-4207-9762-F3E46510726D}.Debug|x86.Build.0 = Debug|Win32
		{1715D47D-E245-4207-9762-F3E46510726D}.Release|x64.ActiveCfg = Release|x64
		{1715D47D-E245-4207-9762-F3E46510726D}.Release|x64.Build.0 = Release|x64
		{1715D47D-E245-4207-9762-F3E46510726D}.Release|x86.ActiveCfg = Release|Win32
		{1715D47D-E245-4207-9762-F3E46510726D}.Release|x86.Build.0 = Release|Win32
		{4C10F407-153F-4C70-821D-96FBF58E1B11}.Debug|x64.ActiveCfg = Debug|x64
		{4C10F407-153F-4C70-821D-96FBF58E1B11}.Debug|x64.Build.0 = Debug|x64
		{4C10F407-153F-4C70-821D-96FBF58E1B11}.Debug|x86.ActiveCfg = Debug|Win32
		{4C10F407-153F-4C70-821D-96FBF58E1B11}.Debug|x86.Build.0 = Debug|Win32
		{4C10F407-153F-4C70-821D-96FBF58E1B11}.Release|x64.ActiveCfg = Release|x64
		{4C10F407-153F-4C70-821D-96FBF58E1B11}.Release|x64.Build.0 = Release|x64
		{4C10F407-153F-4C70-821D-96FBF58E1B11}.Release|x86.ActiveCfg = Release|Win32
		{4C10F407-153F-4C70-821D-96FBF58E1B11}.Release|x86.Build.0 = Release|Win32
		{C6325ADF-2CBA-47FF-8FA0-9CBA5F8B1A33}.Debug|x64.ActiveCfg = Debug|x64
		{C6325ADF-2CBA-47FF-8FA0-9CBA5F8B1A33}.Debug|x64.Build.0 = Debug|x64
		{C6325ADF-2CBA-47FF-8FA0-9CBA5F8B1A33}.Debug|x86.ActiveCfg = Debug|Win32
		{C6325ADF-2CBA-47FF-8FA0-9CBA5F8B1A33}.Debug|x86.Build.0 = Debug|Win32
		{C6325ADF-2CBA-47FF-8FA0-9CBA5F8B1A33}.Release|x64.ActiveCfg = Release|x64
		{C6325ADF-2CBA-47FF-8FA0-9CBA5F8B1A33}.Release|x64.Build.0 = Release|x64
		{C6325ADF-2CBA-47FF-8FA0-9CBA5F8B1A33}.Release|x86.ActiveCfg = Release|Win32
		{C6325ADF-2CBA-47FF-8FA0-9CBA5F8B1A33}.Release|x86.Build.0 = Release|Win32
		{F15F791A-6856-4195-8CBE-EBA85E621A60}.Debug|x64.ActiveCfg = Debug|x64
		{F15F791A-6856-4195-8CBE-EBA85E621A60}.Debug|x64.Build.0 = Debug|x64
		{F15F791A-6856-4195-8CBE-EBA85E621A60}.Debug|x86.ActiveCfg = Debug|Win32
		{F15F791A-6856-4195-8CBE-EBA85E621A60}.Debug|x86.Build.0 = Debug|Win32
		{F15F791A-6856-4195-8CBE-EBA85E621A60}.Release|x64.ActiveCfg = Release|x64
		{F15F791A-6856-4195-8CBE-EBA85E621A60}.Release|x64.Build.0 = Release|x64
		{F15F791A-6856-4195-8CBE-EBA85E621A60}.Release|x86.ActiveCfg = Release|Win32
		{F15F791A-6856-4195-8CBE-EBA85E621A60}.Release|x86.Build.0 = Release|Win32
		{F8E9A429-E319-4702-9FC4-ADF0D927AAB2}.Debug|x64.ActiveCfg = Debug|x64
		{F8E9A429-E319-4702-9FC4-ADF0D927AAB2}.Debug|x64.Build.0 = Debug|x64
		{F8E9A429-E319-4702-9FC4-ADF0D927AAB2}.Debug|x86.ActiveCfg = Debug|Win32
		{F8E9A429-E319-4702-9FC4-ADF0D927AAB2}.Debug|x86.Build.0 = Debug|Win32
		{F8E9A429-E319-4702-9FC4-ADF0D927AAB2}.Release|x64.ActiveCfg = Release|x64
		{F8E9A429-E319-4702-9FC4-ADF0D927AAB2}.Release|x64.Build.0 = Release|x64
		{F8E9A429-E319-4702-9FC4-ADF0D927AAB2}.Release|x86.ActiveCfg = Release|Win32
		{F8E9A429-E319-4702-9FC4-ADF0D927AAB2}.Release|x86.Build.0 = Release|Win32
		{C214230D-F4C4-412B-AE1A-DA780DC20E72}.Debug|x64.ActiveCfg = Debug|x64
		{C214230D-F4C4-412B-AE1A-DA780DC20E72}.Debug|x64.Build.0 = Debug|x64
		{C214230D-F4C4-412B-AE1A-DA780DC20E72}.Debug|x86.ActiveCfg = Debug|Win32
		{C214230D-F4C4-412B-AE1A-DA780DC20E72}.Debug|x86.Build.0 = Debug|Win32
		{C214230D-F4C4-412B-AE1A-DA780DC20E72}.Release|x64.ActiveCfg = Release|x64
		{C214230D-F4C4-412B-AE1A-DA780DC20E72}.Release|x64.Build.0 = Release|x64
		{C214230D-F4C4-412B-AE1A-DA780DC20E72}.Release|x86.ActiveCfg = Release|Win32
		{C214230D-F4C4-412B-AE1A-DA780DC20E72}.Release|x86.Build.0 = Release|Win32
		{7123EE13-EB61-4906-B553-4189B05E81DE}.Debug|x64.ActiveCfg = Debug|x64
		{7123EE13-EB61-4906-B553-4189B05E81DE}.Debug|x64.Build.0 = Debug|x64
		{7123EE13-EB61-4906-B553-4189B05E81DE}.Debug|x86.ActiveCfg = Debug|Win32
		{7123EE13-EB61-4906-B553-4189B05E81DE}.Debug|x86.Build.0 = Debug|Win32
		{7123EE13-EB61-4906-B553-4189B05E81DE}.Release|x64.ActiveCfg = Release|x64
		{7123EE13-EB61-4906-B553-4189B05E81DE}.Release|x64.Build.0 = Release|x64
		{7123EE13-EB61-4906-B553-4189B05E81DE}.Release|x86.ActiveCfg = Release|Win32
		{7123EE13-EB61-4906-B553-4189B05E81DE}.Release|x86.Build.0 = Release|Win32
		{062BE567-A48D-4F52-9457-3102F471C3C2}.Debug|x64.ActiveCfg = Debug|x64
		{062BE567-A48D-4F52-9457-3102F471C3C2}.Debug|x64.Build.0 = Debug|x64
		{062BE567-A48D-4F52-9457-3102F471C3C2}.Debug|x86.ActiveCfg = Debug|Win32
		{062BE567-A48D-4F52-9457-3102F471C3C2}.Debug|x86.Build.0 = Debug|Win32
		{062BE567-A48D-4F52-9457-3102F471C3C2}.Release|x64.ActiveCfg = Release|x64
		{062BE567-A48D-4F52-9457-3102F471C3C2}.Release|x64.Build.0 = Release|x64
		{062BE567-A48D-4F52-9457-3102F471C3C2}.Release|x86.ActiveCfg = Release|Win32
		{062BE567-A48D-4F52-9457-3102F471C3C2}.Release|x86.Build.0 = Release|Win32
		{F3DC2E76-D492-4171-BA9E-D756E74BFD64}.Debug|x64.ActiveCfg = Debug|x64
		{F3DC2E76-D492-4171-BA9E-D756E74BFD64}.Debug|x64.Build.0 = Debug|x64
		{F3DC2E76-D492-4171-BA9E-D756E74BFD64}.Debug|x86.ActiveCfg = Debug|Win32
		{F3DC2E76-D492-4171-BA9E-D756E74BFD64}.Debug|x86.Build.0 = Debug|Win32
		{F3DC2E76-D492-4171-BA9E-D756E74BFD64}.Release|x64.ActiveCfg = Release|x64
		{F3DC2E76-D492-4171-BA9E-D756E74BFD64}.Release|x64.Build.0 = Release|x64
		{F3DC2E76-D492-4171-BA9E-D756E74BFD64}.Release|x86.ActiveCfg = Release|Win32
		{F3DC2E76-D492-4171-BA9E-D756E74BFD64}.Release|x86.Build.0 = Release|Win32
		{CAC98B79-7CB8-430C-B17A-7562EF0EDF7C}.Debug|x64.ActiveCfg = Debug|x64
		{CAC98B79-7CB8-430C-B17A-7562EF0EDF7C}.Debug|x64.Build.0 = Debug|x64
		{CAC98B79-7CB8-430C-B17A-7562EF0EDF7C}.Debug|x86.ActiveCfg = Debug|Win32
		{CAC98B79-7CB8-430C-B17A-7562EF0EDF7C}.Debug|x86.Build.0 = Debug|Win32
		{CAC98B79-7CB8-430C-B17A-7562EF0EDF7C}.Release|x64.ActiveCfg = Release|x64
		{CAC98B79-7CB8-430C-B17A-7562EF0EDF7C}.Release|x64.Build.0 = Release|x64
		{CAC98B79-7CB8-430C-B17A-7562EF0EDF7C}.Release|x86.ActiveCfg = Release|Win32
		{CAC98B79-7CB8-430C-B17A-7562EF0EDF7C}.Release|x86.Build.0 = Release|Win32
		{6D0E29C1-2675-4237-95E9-22D1CA4BBE76}.Debug|x64.ActiveCfg = Debug|x64
		{6D0E29C1-2675-4237-95E9-22D1CA4BBE76}.Debug|x64.Build.0 = Debug|x64
		{6D0E29C1-2675-4237-95E9-22D1CA4BBE76}.Debug|x86.ActiveCfg = Debug|Win32
		{6D0E29C1-2675-4237-95E9-22D1CA4BBE76}.Debug|x86.Build.0 = Debug|Win32
		{6D0E29C1-2675-4237-95E9-22D1CA4BBE76}.Release|x64.ActiveCfg = Release|x64
		{6D0E29C1-2675-4237-95E9-22D1CA4BBE76}.Release|x64.Build.0 = Release|x64
		{6D0E29C1-2675-4237-95E9-22D1CA4BBE76}.Release|x86.ActiveCfg = Release|Win32
		{6D0E29C1-2675-4237-95E9-22D1CA4BBE76}.Release|x86.Build.0 = Release|Win32
		{9BD16FAA-C1B9-4C0C-8D1F-DD3DF30008F2}.Debug|x64.ActiveCfg = Debug|x64
		{9BD16FAA-C1B9-4C0C-8D1F-DD3DF30008F2}.Debug|x64.Build.0 = Debug|x64
		{9BD16FAA-C1B9-4C0C-8D1F-DD3DF30008F2}.Debug|x86.ActiveCfg = Debug|Win32
		{9BD16FAA-C1B9-4C0C-8D1F-DD3DF30008F2}.Debug|x86.Build.0 = Debug|Win32
		{9BD16FAA-C1B9-4C0C-8D1F-DD3DF30008F2}.Release|x64.ActiveCfg = Release|x64
		{9BD16FAA-C1B9-4C0C-8D1F-DD3DF30008F2}.Release|x64.Build.0 = Release|x64
		{9BD16FAA-C1B9-4C0C-8D1F-DD3DF30008F2}.Release|x86.ActiveCfg = Release|Win32
		{9BD16FAA-C1B9-4C0C-8D1F-DD3DF30008F2}.Release|x86.Build.0 = Release|Win32
		{D76379D1-4633-447C-BFFB-398377227F73}.Debug|x64.ActiveCfg = Debug|x64
		{D76379D1-4633-447C-BFFB-398377227F73}.Debug|x64.Build.0 = Debug|x64
		{D76379D1-4633-447C-BFFB-398377227F73}.Debug|x86.ActiveCfg = Debug|Win32
		{D76379D1-4633-447C-BFFB-398377227F73}.Debug|x86.Build.0 = Debug|Win32
		{D76379D1-4633-447C-BFFB-398377227F73}.Release|x64.ActiveCfg = Release|x64
		{D76379D1-4633-447C-BFFB-398377227F73}.Release|x64.Build.0 = Release|x64
		{D76379D1-4633-447C-BFFB-398377227F73}.Release|x86.ActiveCfg = Release|Win32
		{D76379D1-4633-447C-BFFB-398377227F73}.Release|x86.Build.0 = Release|Win32
		{5F11487D-B675-442B-AAAD-E246F4444D6C}.Debug|x64.ActiveCfg = Debug|x64
		{5F11487D-B675-442B-AAAD-E246F4444D6C}.Debug|x64.Build.0 = Debug|x64
		{5F11487D-B675-442B-AAAD-E246F4444D6C}.Debug|x86.ActiveCfg = Debug|Win32
		{5F11487D-B675-442B-AAAD-E246F4444D6C}.Debug|x86.Build.0 = Debug|Win32
		{5F11487D-B675-442B-AAAD-E246F4444D6C}.Release|x64.ActiveCfg = Release|x64
		{5F11487D-B675-442B-AAAD-E246F4444D6C}.Release|x64.Build.0 = Release|x64
		{5F11487D-B675-442B-AAAD-E246F4444D6C}.Release|x86.ActiveCfg = Release|Win32
		{5F11487D-B675-442B-AAAD-E246F4444D6C}.Release|x86.Build.0 = Release|Win32
		{3E45057B-AB49-471E-BBAD-A6C31D82EC63}.Debug|x64.ActiveCfg = Debug|x64
		{3E45057B-AB49-471E-BBAD-A6C31D82EC63}.Debug|x64.Build.0 = Debug|x64
		{3E45057B-AB49-471E-BBAD-A6C31D82EC63}.Debug|x86.ActiveCfg = Debug|Win32
		{3E45057B-AB49-471E-BBAD-A6C31D82EC63}.Debug|x86.Build.0 = Debug|Win32
		{3E45057B-AB49-471E-BBAD-A6C31D82EC63}.Release|x64.ActiveCfg = Release|x64
		{3E45057B-AB49-471E-BBAD-A6C31D82EC63}.Release|x64.Build.0 = Release|x64
		{3E45057B-AB49-471E-BBAD-A6C31D82EC63}.Release|x86.ActiveCfg = Release|Win32
		{3E45057B-AB49-471E-BBAD-A6C31D82EC63}.Release|x86.Build.0 = Release|Win32
		{F8E9D134-7891-43CC-B2E8-EB8B955B2664}.Debug|x64.ActiveCfg = Debug|x64
		{F8E9D134-7891-43CC-B2E8-EB8B955B2664}.Debug|x64.Build.0 = Debug|x64
		{F8E9D134-7891-43CC-B2E8-EB8B955B2664}.Debug|x86.ActiveCfg = Debug|Win32
		{F8E9D134-7891-43CC-B2E8-EB8B955B2664}.Debug|x86.Build.0 = Debug|Win32
		{F8E9D134-7891-43CC-B2E8-EB8B955B2664}.Release|x64.ActiveCfg = Release|x64
		{F8E9D134-7891-43CC-B2E8-EB8B955B2664}.Release|x64.Build.0 = Release|x64
		{F8E9D134-7891-43CC-B2E8-EB8B955B2664}.Release|x86.ActiveCfg = Release|Win32
		{F8E9D134-7891-43CC-B2E8-EB8B955B2664}.Release|x86.Build.0 = Release|Win32
		{85004AED-28B7-463C-89FD-3F47B3E64C06}.Debug|x64.ActiveCfg = Debug|x64
		{85004AED-28B7-463C-89FD-3F47B3E64C06}.Debug|x64.Build.0 = Debug|x64
		{85004AED-28B7-463C-89FD-3F47B3E64C06}.Debug|x86.ActiveCfg = Debug|Win32
		{85004AED-28B7-463C-89FD-3F47B3E64C06}.Debug|x86.Build.0 = Debug|Win32
		{85004AED-28B7-463C-89FD-3F47B3E64C06}.Release|x64.ActiveCfg = Release|x64
		{85004AED-28B7-463C-89FD-3F47B3E64C06}.Release|x64.Build.0 = Release|x64
		{85004AED-28B7-463C-89FD-3F47B3E64C06}.Release|x86.ActiveCfg = Release|Win32
		{85004AED-28B7-463C-89FD-3F47B3E64C06}.Release|x86.Build.0 = Release|Win32
	EndGlobalSection
	GlobalSection(SolutionProperties) = preSolution
		HideSolutionNode = FALSE
	EndGlobalSection
	GlobalSection(ExtensibilityGlobals) = postSolution
		SolutionGuid = {978BCFD2-5EAD-48F4-9ED9-2E8EAB453F0C}
	EndGlobalSection
EndGlobal
