
Microsoft Visual Studio Solution File, Format Version 12.00
# Visual Studio 15
VisualStudioVersion = 15.0.28307.271
MinimumVisualStudioVersion = 10.0.40219.1
Project("{8BC9CEB8-8B4A-11D0-8D11-00A0C91BC942}") = "Ch 6", "Ch 6.vcxproj", "{C85C899F-DCBF-48B2-AD42-FD7F6DB5416F}"
EndProject
Project("{8BC9CEB8-8B4A-11D0-8D11-00A0C91BC942}") = "1", "..\1\1.vcxproj", "{C4C2D5E8-EDB4-42A4-AC71-871893006759}"
EndProject
Project("{8BC9CEB8-8B4A-11D0-8D11-00A0C91BC942}") = "2", "2\2.vcxproj", "{1254C994-3A55-49E6-BFFA-CDA53F3C160E}"
EndProject
Project("{8BC9CEB8-8B4A-11D0-8D11-00A0C91BC942}") = "3", "3\3.vcxproj", "{EF8FDC6C-4017-4D8B-9F3D-1EA589C2F523}"
EndProject
Project("{8BC9CEB8-8B4A-11D0-8D11-00A0C91BC942}") = "4", "4\4.vcxproj", "{12797FCE-EB0B-4C09-9462-A2985DC78533}"
EndProject
Project("{8BC9CEB8-8B4A-11D0-8D11-00A0C91BC942}") = "5", "5\5.vcxproj", "{238BBEDE-E86D-4D4C-BF8D-BDA489C1FE26}"
EndProject
Project("{8BC9CEB8-8B4A-11D0-8D11-00A0C91BC942}") = "6", "6\6.vcxproj", "{E2E13E86-7F78-4BF8-8E0E-3F6ACFE2621D}"
EndProject
Project("{8BC9CEB8-8B4A-11D0-8D11-00A0C91BC942}") = "7", "7\7.vcxproj", "{864C5EF5-C8EE-4B4A-9EAD-56A38050ADDF}"
EndProject
Project("{8BC9CEB8-8B4A-11D0-8D11-00A0C91BC942}") = "8", "8\8.vcxproj", "{17F1E3F1-1652-4CA3-8373-9DB18442248F}"
EndProject
Project("{8BC9CEB8-8B4A-11D0-8D11-00A0C91BC942}") = "9", "9\9.vcxproj", "{61BE1FCA-B5C5-4595-8466-54D61DEEFF7A}"
EndProject
Project("{8BC9CEB8-8B4A-11D0-8D11-00A0C91BC942}") = "10", "10\10.vcxproj", "{6DBBB5D4-0833-4567-9F67-6975FEEAA629}"
EndProject
Project("{8BC9CEB8-8B4A-11D0-8D11-00A0C91BC942}") = "11", "11\11.vcxproj", "{44CE19CD-64B3-4FA9-8099-CED86FEC0596}"
EndProject
Project("{8BC9CEB8-8B4A-11D0-8D11-00A0C91BC942}") = "12", "12\12.vcxproj", "{62E0271D-3021-4869-8101-55700628B6D3}"
EndProject
Project("{8BC9CEB8-8B4A-11D0-8D11-00A0C91BC942}") = "13", "13\13.vcxproj", "{F2697339-BE82-4436-BE12-16BB0547F7D2}"
EndProject
Project("{8BC9CEB8-8B4A-11D0-8D11-00A0C91BC942}") = "14", "14\14.vcxproj", "{D2057B1D-EA0D-436E-BE28-6F0647155370}"
EndProject
Project("{8BC9CEB8-8B4A-11D0-8D11-00A0C91BC942}") = "15", "15\15.vcxproj", "{6F609BDE-DC82-4B25-ACC4-4ADCA0C55544}"
EndProject
Global
	GlobalSection(SolutionConfigurationPlatforms) = preSolution
		Debug|x64 = Debug|x64
		Debug|x86 = Debug|x86
		Release|x64 = Release|x64
		Release|x86 = Release|x86
	EndGlobalSection
	GlobalSection(ProjectConfigurationPlatforms) = postSolution
		{C85C899F-DCBF-48B2-AD42-FD7F6DB5416F}.Debug|x64.ActiveCfg = Debug|x64
		{C85C899F-DCBF-48B2-AD42-FD7F6DB5416F}.Debug|x64.Build.0 = Debug|x64
		{C85C899F-DCBF-48B2-AD42-FD7F6DB5416F}.Debug|x86.ActiveCfg = Debug|Win32
		{C85C899F-DCBF-48B2-AD42-FD7F6DB5416F}.Debug|x86.Build.0 = Debug|Win32
		{C85C899F-DCBF-48B2-AD42-FD7F6DB5416F}.Release|x64.ActiveCfg = Release|x64
		{C85C899F-DCBF-48B2-AD42-FD7F6DB5416F}.Release|x64.Build.0 = Release|x64
		{C85C899F-DCBF-48B2-AD42-FD7F6DB5416F}.Release|x86.ActiveCfg = Release|Win32
		{C85C899F-DCBF-48B2-AD42-FD7F6DB5416F}.Release|x86.Build.0 = Release|Win32
		{C4C2D5E8-EDB4-42A4-AC71-871893006759}.Debug|x64.ActiveCfg = Debug|x64
		{C4C2D5E8-EDB4-42A4-AC71-871893006759}.Debug|x64.Build.0 = Debug|x64
		{C4C2D5E8-EDB4-42A4-AC71-871893006759}.Debug|x86.ActiveCfg = Debug|Win32
		{C4C2D5E8-EDB4-42A4-AC71-871893006759}.Debug|x86.Build.0 = Debug|Win32
		{C4C2D5E8-EDB4-42A4-AC71-871893006759}.Release|x64.ActiveCfg = Release|x64
		{C4C2D5E8-EDB4-42A4-AC71-871893006759}.Release|x64.Build.0 = Release|x64
		{C4C2D5E8-EDB4-42A4-AC71-871893006759}.Release|x86.ActiveCfg = Release|Win32
		{C4C2D5E8-EDB4-42A4-AC71-871893006759}.Release|x86.Build.0 = Release|Win32
		{1254C994-3A55-49E6-BFFA-CDA53F3C160E}.Debug|x64.ActiveCfg = Debug|x64
		{1254C994-3A55-49E6-BFFA-CDA53F3C160E}.Debug|x64.Build.0 = Debug|x64
		{1254C994-3A55-49E6-BFFA-CDA53F3C160E}.Debug|x86.ActiveCfg = Debug|Win32
		{1254C994-3A55-49E6-BFFA-CDA53F3C160E}.Debug|x86.Build.0 = Debug|Win32
		{1254C994-3A55-49E6-BFFA-CDA53F3C160E}.Release|x64.ActiveCfg = Release|x64
		{1254C994-3A55-49E6-BFFA-CDA53F3C160E}.Release|x64.Build.0 = Release|x64
		{1254C994-3A55-49E6-BFFA-CDA53F3C160E}.Release|x86.ActiveCfg = Release|Win32
		{1254C994-3A55-49E6-BFFA-CDA53F3C160E}.Release|x86.Build.0 = Release|Win32
		{EF8FDC6C-4017-4D8B-9F3D-1EA589C2F523}.Debug|x64.ActiveCfg = Debug|x64
		{EF8FDC6C-4017-4D8B-9F3D-1EA589C2F523}.Debug|x64.Build.0 = Debug|x64
		{EF8FDC6C-4017-4D8B-9F3D-1EA589C2F523}.Debug|x86.ActiveCfg = Debug|Win32
		{EF8FDC6C-4017-4D8B-9F3D-1EA589C2F523}.Debug|x86.Build.0 = Debug|Win32
		{EF8FDC6C-4017-4D8B-9F3D-1EA589C2F523}.Release|x64.ActiveCfg = Release|x64
		{EF8FDC6C-4017-4D8B-9F3D-1EA589C2F523}.Release|x64.Build.0 = Release|x64
		{EF8FDC6C-4017-4D8B-9F3D-1EA589C2F523}.Release|x86.ActiveCfg = Release|Win32
		{EF8FDC6C-4017-4D8B-9F3D-1EA589C2F523}.Release|x86.Build.0 = Release|Win32
		{12797FCE-EB0B-4C09-9462-A2985DC78533}.Debug|x64.ActiveCfg = Debug|x64
		{12797FCE-EB0B-4C09-9462-A2985DC78533}.Debug|x64.Build.0 = Debug|x64
		{12797FCE-EB0B-4C09-9462-A2985DC78533}.Debug|x86.ActiveCfg = Debug|Win32
		{12797FCE-EB0B-4C09-9462-A2985DC78533}.Debug|x86.Build.0 = Debug|Win32
		{12797FCE-EB0B-4C09-9462-A2985DC78533}.Release|x64.ActiveCfg = Release|x64
		{12797FCE-EB0B-4C09-9462-A2985DC78533}.Release|x64.Build.0 = Release|x64
		{12797FCE-EB0B-4C09-9462-A2985DC78533}.Release|x86.ActiveCfg = Release|Win32
		{12797FCE-EB0B-4C09-9462-A2985DC78533}.Release|x86.Build.0 = Release|Win32
		{238BBEDE-E86D-4D4C-BF8D-BDA489C1FE26}.Debug|x64.ActiveCfg = Debug|x64
		{238BBEDE-E86D-4D4C-BF8D-BDA489C1FE26}.Debug|x64.Build.0 = Debug|x64
		{238BBEDE-E86D-4D4C-BF8D-BDA489C1FE26}.Debug|x86.ActiveCfg = Debug|Win32
		{238BBEDE-E86D-4D4C-BF8D-BDA489C1FE26}.Debug|x86.Build.0 = Debug|Win32
		{238BBEDE-E86D-4D4C-BF8D-BDA489C1FE26}.Release|x64.ActiveCfg = Release|x64
		{238BBEDE-E86D-4D4C-BF8D-BDA489C1FE26}.Release|x64.Build.0 = Release|x64
		{238BBEDE-E86D-4D4C-BF8D-BDA489C1FE26}.Release|x86.ActiveCfg = Release|Win32
		{238BBEDE-E86D-4D4C-BF8D-BDA489C1FE26}.Release|x86.Build.0 = Release|Win32
		{E2E13E86-7F78-4BF8-8E0E-3F6ACFE2621D}.Debug|x64.ActiveCfg = Debug|x64
		{E2E13E86-7F78-4BF8-8E0E-3F6ACFE2621D}.Debug|x64.Build.0 = Debug|x64
		{E2E13E86-7F78-4BF8-8E0E-3F6ACFE2621D}.Debug|x86.ActiveCfg = Debug|Win32
		{E2E13E86-7F78-4BF8-8E0E-3F6ACFE2621D}.Debug|x86.Build.0 = Debug|Win32
		{E2E13E86-7F78-4BF8-8E0E-3F6ACFE2621D}.Release|x64.ActiveCfg = Release|x64
		{E2E13E86-7F78-4BF8-8E0E-3F6ACFE2621D}.Release|x64.Build.0 = Release|x64
		{E2E13E86-7F78-4BF8-8E0E-3F6ACFE2621D}.Release|x86.ActiveCfg = Release|Win32
		{E2E13E86-7F78-4BF8-8E0E-3F6ACFE2621D}.Release|x86.Build.0 = Release|Win32
		{864C5EF5-C8EE-4B4A-9EAD-56A38050ADDF}.Debug|x64.ActiveCfg = Debug|x64
		{864C5EF5-C8EE-4B4A-9EAD-56A38050ADDF}.Debug|x64.Build.0 = Debug|x64
		{864C5EF5-C8EE-4B4A-9EAD-56A38050ADDF}.Debug|x86.ActiveCfg = Debug|Win32
		{864C5EF5-C8EE-4B4A-9EAD-56A38050ADDF}.Debug|x86.Build.0 = Debug|Win32
		{864C5EF5-C8EE-4B4A-9EAD-56A38050ADDF}.Release|x64.ActiveCfg = Release|x64
		{864C5EF5-C8EE-4B4A-9EAD-56A38050ADDF}.Release|x64.Build.0 = Release|x64
		{864C5EF5-C8EE-4B4A-9EAD-56A38050ADDF}.Release|x86.ActiveCfg = Release|Win32
		{864C5EF5-C8EE-4B4A-9EAD-56A38050ADDF}.Release|x86.Build.0 = Release|Win32
		{17F1E3F1-1652-4CA3-8373-9DB18442248F}.Debug|x64.ActiveCfg = Debug|x64
		{17F1E3F1-1652-4CA3-8373-9DB18442248F}.Debug|x64.Build.0 = Debug|x64
		{17F1E3F1-1652-4CA3-8373-9DB18442248F}.Debug|x86.ActiveCfg = Debug|Win32
		{17F1E3F1-1652-4CA3-8373-9DB18442248F}.Debug|x86.Build.0 = Debug|Win32
		{17F1E3F1-1652-4CA3-8373-9DB18442248F}.Release|x64.ActiveCfg = Release|x64
		{17F1E3F1-1652-4CA3-8373-9DB18442248F}.Release|x64.Build.0 = Release|x64
		{17F1E3F1-1652-4CA3-8373-9DB18442248F}.Release|x86.ActiveCfg = Release|Win32
		{17F1E3F1-1652-4CA3-8373-9DB18442248F}.Release|x86.Build.0 = Release|Win32
		{61BE1FCA-B5C5-4595-8466-54D61DEEFF7A}.Debug|x64.ActiveCfg = Debug|x64
		{61BE1FCA-B5C5-4595-8466-54D61DEEFF7A}.Debug|x64.Build.0 = Debug|x64
		{61BE1FCA-B5C5-4595-8466-54D61DEEFF7A}.Debug|x86.ActiveCfg = Debug|Win32
		{61BE1FCA-B5C5-4595-8466-54D61DEEFF7A}.Debug|x86.Build.0 = Debug|Win32
		{61BE1FCA-B5C5-4595-8466-54D61DEEFF7A}.Release|x64.ActiveCfg = Release|x64
		{61BE1FCA-B5C5-4595-8466-54D61DEEFF7A}.Release|x64.Build.0 = Release|x64
		{61BE1FCA-B5C5-4595-8466-54D61DEEFF7A}.Release|x86.ActiveCfg = Release|Win32
		{61BE1FCA-B5C5-4595-8466-54D61DEEFF7A}.Release|x86.Build.0 = Release|Win32
		{6DBBB5D4-0833-4567-9F67-6975FEEAA629}.Debug|x64.ActiveCfg = Debug|x64
		{6DBBB5D4-0833-4567-9F67-6975FEEAA629}.Debug|x64.Build.0 = Debug|x64
		{6DBBB5D4-0833-4567-9F67-6975FEEAA629}.Debug|x86.ActiveCfg = Debug|Win32
		{6DBBB5D4-0833-4567-9F67-6975FEEAA629}.Debug|x86.Build.0 = Debug|Win32
		{6DBBB5D4-0833-4567-9F67-6975FEEAA629}.Release|x64.ActiveCfg = Release|x64
		{6DBBB5D4-0833-4567-9F67-6975FEEAA629}.Release|x64.Build.0 = Release|x64
		{6DBBB5D4-0833-4567-9F67-6975FEEAA629}.Release|x86.ActiveCfg = Release|Win32
		{6DBBB5D4-0833-4567-9F67-6975FEEAA629}.Release|x86.Build.0 = Release|Win32
		{44CE19CD-64B3-4FA9-8099-CED86FEC0596}.Debug|x64.ActiveCfg = Debug|x64
		{44CE19CD-64B3-4FA9-8099-CED86FEC0596}.Debug|x64.Build.0 = Debug|x64
		{44CE19CD-64B3-4FA9-8099-CED86FEC0596}.Debug|x86.ActiveCfg = Debug|Win32
		{44CE19CD-64B3-4FA9-8099-CED86FEC0596}.Debug|x86.Build.0 = Debug|Win32
		{44CE19CD-64B3-4FA9-8099-CED86FEC0596}.Release|x64.ActiveCfg = Release|x64
		{44CE19CD-64B3-4FA9-8099-CED86FEC0596}.Release|x64.Build.0 = Release|x64
		{44CE19CD-64B3-4FA9-8099-CED86FEC0596}.Release|x86.ActiveCfg = Release|Win32
		{44CE19CD-64B3-4FA9-8099-CED86FEC0596}.Release|x86.Build.0 = Release|Win32
		{62E0271D-3021-4869-8101-55700628B6D3}.Debug|x64.ActiveCfg = Debug|x64
		{62E0271D-3021-4869-8101-55700628B6D3}.Debug|x64.Build.0 = Debug|x64
		{62E0271D-3021-4869-8101-55700628B6D3}.Debug|x86.ActiveCfg = Debug|Win32
		{62E0271D-3021-4869-8101-55700628B6D3}.Debug|x86.Build.0 = Debug|Win32
		{62E0271D-3021-4869-8101-55700628B6D3}.Release|x64.ActiveCfg = Release|x64
		{62E0271D-3021-4869-8101-55700628B6D3}.Release|x64.Build.0 = Release|x64
		{62E0271D-3021-4869-8101-55700628B6D3}.Release|x86.ActiveCfg = Release|Win32
		{62E0271D-3021-4869-8101-55700628B6D3}.Release|x86.Build.0 = Release|Win32
		{F2697339-BE82-4436-BE12-16BB0547F7D2}.Debug|x64.ActiveCfg = Debug|x64
		{F2697339-BE82-4436-BE12-16BB0547F7D2}.Debug|x64.Build.0 = Debug|x64
		{F2697339-BE82-4436-BE12-16BB0547F7D2}.Debug|x86.ActiveCfg = Debug|Win32
		{F2697339-BE82-4436-BE12-16BB0547F7D2}.Debug|x86.Build.0 = Debug|Win32
		{F2697339-BE82-4436-BE12-16BB0547F7D2}.Release|x64.ActiveCfg = Release|x64
		{F2697339-BE82-4436-BE12-16BB0547F7D2}.Release|x64.Build.0 = Release|x64
		{F2697339-BE82-4436-BE12-16BB0547F7D2}.Release|x86.ActiveCfg = Release|Win32
		{F2697339-BE82-4436-BE12-16BB0547F7D2}.Release|x86.Build.0 = Release|Win32
		{D2057B1D-EA0D-436E-BE28-6F0647155370}.Debug|x64.ActiveCfg = Debug|x64
		{D2057B1D-EA0D-436E-BE28-6F0647155370}.Debug|x64.Build.0 = Debug|x64
		{D2057B1D-EA0D-436E-BE28-6F0647155370}.Debug|x86.ActiveCfg = Debug|Win32
		{D2057B1D-EA0D-436E-BE28-6F0647155370}.Debug|x86.Build.0 = Debug|Win32
		{D2057B1D-EA0D-436E-BE28-6F0647155370}.Release|x64.ActiveCfg = Release|x64
		{D2057B1D-EA0D-436E-BE28-6F0647155370}.Release|x64.Build.0 = Release|x64
		{D2057B1D-EA0D-436E-BE28-6F0647155370}.Release|x86.ActiveCfg = Release|Win32
		{D2057B1D-EA0D-436E-BE28-6F0647155370}.Release|x86.Build.0 = Release|Win32
		{6F609BDE-DC82-4B25-ACC4-4ADCA0C55544}.Debug|x64.ActiveCfg = Debug|x64
		{6F609BDE-DC82-4B25-ACC4-4ADCA0C55544}.Debug|x64.Build.0 = Debug|x64
		{6F609BDE-DC82-4B25-ACC4-4ADCA0C55544}.Debug|x86.ActiveCfg = Debug|Win32
		{6F609BDE-DC82-4B25-ACC4-4ADCA0C55544}.Debug|x86.Build.0 = Debug|Win32
		{6F609BDE-DC82-4B25-ACC4-4ADCA0C55544}.Release|x64.ActiveCfg = Release|x64
		{6F609BDE-DC82-4B25-ACC4-4ADCA0C55544}.Release|x64.Build.0 = Release|x64
		{6F609BDE-DC82-4B25-ACC4-4ADCA0C55544}.Release|x86.ActiveCfg = Release|Win32
		{6F609BDE-DC82-4B25-ACC4-4ADCA0C55544}.Release|x86.Build.0 = Release|Win32
	EndGlobalSection
	GlobalSection(SolutionProperties) = preSolution
		HideSolutionNode = FALSE
	EndGlobalSection
	GlobalSection(ExtensibilityGlobals) = postSolution
		SolutionGuid = {85DF81B7-29AD-4109-AD14-774FE01D892A}
	EndGlobalSection
EndGlobal
